
Microsoft Visual Studio Solution File, Format Version 12.00
# Visual Studio Version 17
VisualStudioVersion = 17.3.32901.215
MinimumVisualStudioVersion = 10.0.40219.1
Project("{FAE04EC0-301F-11D3-BF4B-00C04F79EFBC}") = "FileUpload", "FileUpload\FileUpload.csproj", "{9B58722E-22B3-49BE-AC71-CCCB60328A64}"
EndProject
Global
	GlobalSection(SolutionConfigurationPlatforms) = preSolution
		Debug|Any CPU = Debug|Any CPU
		Release|Any CPU = Release|Any CPU
	EndGlobalSection
	GlobalSection(ProjectConfigurationPlatforms) = postSolution
		{9B58722E-22B3-49BE-AC71-CCCB60328A64}.Debug|Any CPU.ActiveCfg = Debug|Any CPU
		{9B58722E-22B3-49BE-AC71-CCCB60328A64}.Debug|Any CPU.Build.0 = Debug|Any CPU
		{9B58722E-22B3-49BE-AC71-CCCB60328A64}.Release|Any CPU.ActiveCfg = Release|Any CPU
		{9B58722E-22B3-49BE-AC71-CCCB60328A64}.Release|Any CPU.Build.0 = Release|Any CPU
	EndGlobalSection
	GlobalSection(SolutionProperties) = preSolution
		HideSolutionNode = FALSE
	EndGlobalSection
	GlobalSection(ExtensibilityGlobals) = postSolution
		SolutionGuid = {C12151F5-2861-4DF4-B2A3-27ECBE66F96B}
	EndGlobalSection
EndGlobal
